<Solution>
  <Folder Name="/Itens de Solução/">
    <File Path=".gitignore" />
    <File Path="docker-compose.yml" />
  </Folder>
  <Project Path="Envio_de_Emails_Com_Fila_API/Envio_de_Emails_Com_Fila_API.csproj" />
  <Project Path="Envio_De_Emails_com_Fila_Shared/Envio_De_Emails_com_Fila_Shared.csproj" DisplayName="Envio_de_Emails_Com_Fila_Shared" Id="65d1edcf-858a-44a5-9909-715c8d4655a5" />
  <Project Path="Envio_de_Emails_Com_Fila_Worker/Envio_de_Emails_Com_Fila_Worker.csproj" />
</Solution>
