<Solution>
  <Folder Name="/Itens de Solução/">
    <File Path=".gitignore" />
  </Folder>
  <Project Path="Envio_de_Emails_Com_Fila.Shared/Envio_de_Emails_Com_Fila.Shared.csproj" Id="90d263e0-9f3a-4f50-9296-37eced7b1a17" />
  <Project Path="Envio_de_Emails_Com_Fila_API/Envio_de_Emails_Com_Fila_API.csproj" />
  <Project Path="Envio_de_Emails_Com_Fila_Worker/Envio_de_Emails_Com_Fila_Worker.csproj" />
</Solution>
